dependencies:
  idf:
    source:
      type: idf
    version: 5.5.0
  jgromes/radiolib:
    component_hash: 22aedd462cd81a653a74371e86230d7b3f40c32ba33fd1e50e0ad10fc415607b
    dependencies:
    - name: idf
      require: private
      version: '>=4.1'
    source:
      registry_url: https://components.espressif.com/
      type: service
    version: 7.5.0
  joltwallet/littlefs:
    component_hash: 1808d73e99168f6f3c26dd31799a248484762b3a320ec4962dec11a145f4277f
    dependencies:
    - name: idf
      require: private
      version: '>=5.0'
    source:
      registry_url: https://components.espressif.com/
      type: service
    version: 1.20.3
direct_dependencies:
- jgromes/radiolib
- joltwallet/littlefs
manifest_hash: 20ff23f2f408d124d518c49ad9757572a33bb56b2b21de746a9a41998cb32c49
target: esp32
version: 2.0.0
